Microsoft Visual Studio Solution File, Format Version 12.00
# Visual Studio 2012
Project("{FAE04EC0-301F-11D3-BF4B-00C04F79EFBC}") = "Gwars", "Gwars.csproj", "{4084D241-B2E4-4546-B4B4-0975A8F967EB}"
EndProject
Global
	GlobalSection(SolutionConfigurationPlatforms) = preSolution
	Debug|Any CPU = Debug|Any CPU
	ExportDebug|Any CPU = ExportDebug|Any CPU
	ExportRelease|Any CPU = ExportRelease|Any CPU
	EndGlobalSection
	GlobalSection(ProjectConfigurationPlatforms) = postSolution
		{4084D241-B2E4-4546-B4B4-0975A8F967EB}.Debug|Any CPU.ActiveCfg = Debug|Any CPU
		{4084D241-B2E4-4546-B4B4-0975A8F967EB}.Debug|Any CPU.Build.0 = Debug|Any CPU
		{4084D241-B2E4-4546-B4B4-0975A8F967EB}.ExportDebug|Any CPU.ActiveCfg = ExportDebug|Any CPU
		{4084D241-B2E4-4546-B4B4-0975A8F967EB}.ExportDebug|Any CPU.Build.0 = ExportDebug|Any CPU
		{4084D241-B2E4-4546-B4B4-0975A8F967EB}.ExportRelease|Any CPU.ActiveCfg = ExportRelease|Any CPU
		{4084D241-B2E4-4546-B4B4-0975A8F967EB}.ExportRelease|Any CPU.Build.0 = ExportRelease|Any CPU
	EndGlobalSection
EndGlobal
